
Microsoft Visual Studio Solution File, Format Version 12.00
# Visual Studio Version 17
VisualStudioVersion = 17.10.35004.147
MinimumVisualStudioVersion = 10.0.40219.1
Project("{9A19103F-16F7-4668-BE54-9A1E7A4F7556}") = "WebAPI", "WebAPI.csproj", "{F681E24E-6C7C-4A29-9220-20206EC4798F}"
	ProjectSection(ProjectDependencies) = postProject
		{2837C806-37D2-40C3-9A02-9327094E5200} = {2837C806-37D2-40C3-9A02-9327094E5200}
	EndProjectSection
EndProject
Project("{9A19103F-16F7-4668-BE54-9A1E7A4F7556}") = "Models", "..\ClassLibrary2\Models.csproj", "{2837C806-37D2-40C3-9A02-9327094E5200}"
EndProject
Project("{9A19103F-16F7-4668-BE54-9A1E7A4F7556}") = "Infrastucture", "..\ClassLibrary3\Infrastucture.csproj", "{B69FE90F-120E-4DDA-B1F9-62F425AD4414}"
EndProject
Global
	GlobalSection(SolutionConfigurationPlatforms) = preSolution
		Debug|Any CPU = Debug|Any CPU
		Release|Any CPU = Release|Any CPU
	EndGlobalSection
	GlobalSection(ProjectConfigurationPlatforms) = postSolution
		{F681E24E-6C7C-4A29-9220-20206EC4798F}.Debug|Any CPU.ActiveCfg = Debug|Any CPU
		{F681E24E-6C7C-4A29-9220-20206EC4798F}.Debug|Any CPU.Build.0 = Debug|Any CPU
		{F681E24E-6C7C-4A29-9220-20206EC4798F}.Release|Any CPU.ActiveCfg = Release|Any CPU
		{F681E24E-6C7C-4A29-9220-20206EC4798F}.Release|Any CPU.Build.0 = Release|Any CPU
		{2837C806-37D2-40C3-9A02-9327094E5200}.Debug|Any CPU.ActiveCfg = Debug|Any CPU
		{2837C806-37D2-40C3-9A02-9327094E5200}.Debug|Any CPU.Build.0 = Debug|Any CPU
		{2837C806-37D2-40C3-9A02-9327094E5200}.Release|Any CPU.ActiveCfg = Release|Any CPU
		{2837C806-37D2-40C3-9A02-9327094E5200}.Release|Any CPU.Build.0 = Release|Any CPU
		{B69FE90F-120E-4DDA-B1F9-62F425AD4414}.Debug|Any CPU.ActiveCfg = Debug|Any CPU
		{B69FE90F-120E-4DDA-B1F9-62F425AD4414}.Debug|Any CPU.Build.0 = Debug|Any CPU
		{B69FE90F-120E-4DDA-B1F9-62F425AD4414}.Release|Any CPU.ActiveCfg = Release|Any CPU
		{B69FE90F-120E-4DDA-B1F9-62F425AD4414}.Release|Any CPU.Build.0 = Release|Any CPU
	EndGlobalSection
	GlobalSection(SolutionProperties) = preSolution
		HideSolutionNode = FALSE
	EndGlobalSection
	GlobalSection(ExtensibilityGlobals) = postSolution
		SolutionGuid = {8BA9C14B-0EDF-46BC-854D-6C8DD6A5A461}
	EndGlobalSection
EndGlobal
